
Microsoft Visual Studio Solution File, Format Version 12.00
# Visual Studio 15
VisualStudioVersion = 15.0.27703.2026
MinimumVisualStudioVersion = 10.0.40219.1
Project("{FAE04EC0-301F-11D3-BF4B-00C04F79EFBC}") = "AutoHourglass", "AutoHourglass\AutoHourglass.csproj", "{78AFE45B-7D77-4FC1-809C-38DD052F474E}"
EndProject
Global
	GlobalSection(SolutionConfigurationPlatforms) = preSolution
		Debug|Any CPU = Debug|Any CPU
		Release|Any CPU = Release|Any CPU
	EndGlobalSection
	GlobalSection(ProjectConfigurationPlatforms) = postSolution
		{78AFE45B-7D77-4FC1-809C-38DD052F474E}.Debug|Any CPU.ActiveCfg = Debug|Any CPU
		{78AFE45B-7D77-4FC1-809C-38DD052F474E}.Debug|Any CPU.Build.0 = Debug|Any CPU
		{78AFE45B-7D77-4FC1-809C-38DD052F474E}.Release|Any CPU.ActiveCfg = Release|Any CPU
		{78AFE45B-7D77-4FC1-809C-38DD052F474E}.Release|Any CPU.Build.0 = Release|Any CPU
	EndGlobalSection
	GlobalSection(SolutionProperties) = preSolution
		HideSolutionNode = FALSE
	EndGlobalSection
	GlobalSection(ExtensibilityGlobals) = postSolution
		SolutionGuid = {F4A0FA7C-C039-4728-A10E-B3BEC14C7F2F}
	EndGlobalSection
EndGlobal
